
Microsoft Visual Studio Solution File, Format Version 10.00
# Visual Studio 2008
Project("{FAE04EC0-301F-11D3-BF4B-00C04F79EFBC}") = "CS201301", "CS201301\CS201301.csproj", "{3D5CAB90-C5AA-4B5C-9E72-A5571E6E7AC6}"
EndProject
Project("{54435603-DBB4-11D2-8724-00A0C9A8B90C}") = "条码扫描程序", "条码扫描程序\条码扫描程序.vdproj", "{FE08EF71-BBE0-4D04-967F-E7DA8E4B8E80}"
EndProject
Global
	GlobalSection(SolutionConfigurationPlatforms) = preSolution
		Debug|Any CPU = Debug|Any CPU
		Release|Any CPU = Release|Any CPU
	EndGlobalSection
	GlobalSection(ProjectConfigurationPlatforms) = postSolution
		{3D5CAB90-C5AA-4B5C-9E72-A5571E6E7AC6}.Debug|Any CPU.ActiveCfg = Debug|Any CPU
		{3D5CAB90-C5AA-4B5C-9E72-A5571E6E7AC6}.Debug|Any CPU.Build.0 = Debug|Any CPU
		{3D5CAB90-C5AA-4B5C-9E72-A5571E6E7AC6}.Release|Any CPU.ActiveCfg = Release|Any CPU
		{3D5CAB90-C5AA-4B5C-9E72-A5571E6E7AC6}.Release|Any CPU.Build.0 = Release|Any CPU
		{FE08EF71-BBE0-4D04-967F-E7DA8E4B8E80}.Debug|Any CPU.ActiveCfg = Debug
		{FE08EF71-BBE0-4D04-967F-E7DA8E4B8E80}.Release|Any CPU.ActiveCfg = Release
	EndGlobalSection
	GlobalSection(SolutionProperties) = preSolution
		HideSolutionNode = FALSE
	EndGlobalSection
EndGlobal
